
Microsoft Visual Studio Solution File, Format Version 12.00
# Visual Studio Version 17
VisualStudioVersion = 17.8.34322.80
MinimumVisualStudioVersion = 10.0.40219.1
Project("{FAE04EC0-301F-11D3-BF4B-00C04F79EFBC}") = "ConsoleApp1", "ConsoleApp1.csproj", "{DB59A002-0005-4D13-B9F9-2BD9FE919127}"
EndProject
Global
	GlobalSection(SolutionConfigurationPlatforms) = preSolution
		Debug|Any CPU = Debug|Any CPU
		Release|Any CPU = Release|Any CPU
	EndGlobalSection
	GlobalSection(ProjectConfigurationPlatforms) = postSolution
		{DB59A002-0005-4D13-B9F9-2BD9FE919127}.Debug|Any CPU.ActiveCfg = Debug|Any CPU
		{DB59A002-0005-4D13-B9F9-2BD9FE919127}.Debug|Any CPU.Build.0 = Debug|Any CPU
		{DB59A002-0005-4D13-B9F9-2BD9FE919127}.Release|Any CPU.ActiveCfg = Release|Any CPU
		{DB59A002-0005-4D13-B9F9-2BD9FE919127}.Release|Any CPU.Build.0 = Release|Any CPU
	EndGlobalSection
	GlobalSection(SolutionProperties) = preSolution
		HideSolutionNode = FALSE
	EndGlobalSection
	GlobalSection(ExtensibilityGlobals) = postSolution
		SolutionGuid = {183CC9BB-94FD-47EF-994A-4C73F1998F11}
	EndGlobalSection
EndGlobal
