
Microsoft Visual Studio Solution File, Format Version 12.00
# Visual Studio Version 17
VisualStudioVersion = 17.8.34322.80
MinimumVisualStudioVersion = 10.0.40219.1
Project("{9A19103F-16F7-4668-BE54-9A1E7A4F7556}") = "Fourier.ConsoleApp1", "Fourier.ConsoleApp1\Fourier.ConsoleApp1.csproj", "{7E82766F-5B69-4F6A-A8C0-DA9A6282EBA5}"
EndProject
Project("{FAE04EC0-301F-11D3-BF4B-00C04F79EFBC}") = "Kaggle.BenchmarkRunner", "Kaggle.BenchmarkRunner\Kaggle.BenchmarkRunner.csproj", "{5D9438D1-E185-4EA0-A6E0-539527210E40}"
EndProject
Global
	GlobalSection(SolutionConfigurationPlatforms) = preSolution
		Debug|Any CPU = Debug|Any CPU
		Release|Any CPU = Release|Any CPU
	EndGlobalSection
	GlobalSection(ProjectConfigurationPlatforms) = postSolution
		{7E82766F-5B69-4F6A-A8C0-DA9A6282EBA5}.Debug|Any CPU.ActiveCfg = Debug|Any CPU
		{7E82766F-5B69-4F6A-A8C0-DA9A6282EBA5}.Debug|Any CPU.Build.0 = Debug|Any CPU
		{7E82766F-5B69-4F6A-A8C0-DA9A6282EBA5}.Release|Any CPU.ActiveCfg = Release|Any CPU
		{7E82766F-5B69-4F6A-A8C0-DA9A6282EBA5}.Release|Any CPU.Build.0 = Release|Any CPU
		{5D9438D1-E185-4EA0-A6E0-539527210E40}.Debug|Any CPU.ActiveCfg = Debug|Any CPU
		{5D9438D1-E185-4EA0-A6E0-539527210E40}.Debug|Any CPU.Build.0 = Debug|Any CPU
		{5D9438D1-E185-4EA0-A6E0-539527210E40}.Release|Any CPU.ActiveCfg = Release|Any CPU
		{5D9438D1-E185-4EA0-A6E0-539527210E40}.Release|Any CPU.Build.0 = Release|Any CPU
	EndGlobalSection
	GlobalSection(SolutionProperties) = preSolution
		HideSolutionNode = FALSE
	EndGlobalSection
	GlobalSection(ExtensibilityGlobals) = postSolution
		SolutionGuid = {183CC9BB-94FD-47EF-994A-4C73F1998F11}
	EndGlobalSection
EndGlobal
